
Microsoft Visual Studio Solution File, Format Version 12.00
# Visual Studio 15
VisualStudioVersion = 15.0.26430.12
MinimumVisualStudioVersion = 10.0.40219.1
Project("{FAE04EC0-301F-11D3-BF4B-00C04F79EFBC}") = "FugitiveServer", "FugitiveServer\FugitiveServer.csproj", "{D0A017DA-05EA-4526-BF0F-8173493408CD}"
EndProject
Project("{D954291E-2A0B-460D-934E-DC6B0785DB48}") = "FugitiveClient", "FugitiveClient\FugitiveClient\FugitiveClient.shproj", "{3A5A81E6-7BA1-4D75-9CCA-C59B8544A7A4}"
EndProject
Project("{FAE04EC0-301F-11D3-BF4B-00C04F79EFBC}") = "FugitiveClient.Android", "FugitiveClient\FugitiveClient.Android\FugitiveClient.Android.csproj", "{01D18E65-7737-4BCD-B507-EA94FB91F031}"
EndProject
Project("{FAE04EC0-301F-11D3-BF4B-00C04F79EFBC}") = "FugitiveClient.iOS", "FugitiveClient\FugitiveClient.iOS\FugitiveClient.iOS.csproj", "{9CBD6AEB-5F34-4EED-960E-F0326752B394}"
EndProject
Project("{FAE04EC0-301F-11D3-BF4B-00C04F79EFBC}") = "FugitiveClient.UWP", "FugitiveClient\FugitiveClient.UWP\FugitiveClient.UWP.csproj", "{DE8BE864-F356-42E1-BFF1-609339F60B6A}"
EndProject
Project("{2150E333-8FDC-42A3-9474-1A3956D46DE8}") = "FugitiveClientPlatforms", "FugitiveClientPlatforms", "{12B34CC7-003A-4215-AC64-F034B6B73E09}"
EndProject
Project("{FAE04EC0-301F-11D3-BF4B-00C04F79EFBC}") = "FugitiveModelPCL", "FugitiveModelPCL\FugitiveModelPCL.csproj", "{A1ACBAAB-5757-41D7-B100-C74935F9D0A1}"
EndProject
Global
	GlobalSection(SharedMSBuildProjectFiles) = preSolution
		FugitiveClient\FugitiveClient\FugitiveClient.projitems*{01d18e65-7737-4bcd-b507-ea94fb91f031}*SharedItemsImports = 4
		FugitiveClient\FugitiveClient\FugitiveClient.projitems*{3a5a81e6-7ba1-4d75-9cca-c59b8544a7a4}*SharedItemsImports = 13
		FugitiveClient\FugitiveClient\FugitiveClient.projitems*{9cbd6aeb-5f34-4eed-960e-f0326752b394}*SharedItemsImports = 4
		FugitiveClient\FugitiveClient\FugitiveClient.projitems*{de8be864-f356-42e1-bff1-609339f60b6a}*SharedItemsImports = 4
	EndGlobalSection
	GlobalSection(SolutionConfigurationPlatforms) = preSolution
		Ad-Hoc|Any CPU = Ad-Hoc|Any CPU
		Ad-Hoc|ARM = Ad-Hoc|ARM
		Ad-Hoc|iPhone = Ad-Hoc|iPhone
		Ad-Hoc|iPhoneSimulator = Ad-Hoc|iPhoneSimulator
		Ad-Hoc|x64 = Ad-Hoc|x64
		Ad-Hoc|x86 = Ad-Hoc|x86
		AppStore|Any CPU = AppStore|Any CPU
		AppStore|ARM = AppStore|ARM
		AppStore|iPhone = AppStore|iPhone
		AppStore|iPhoneSimulator = AppStore|iPhoneSimulator
		AppStore|x64 = AppStore|x64
		AppStore|x86 = AppStore|x86
		Debug|Any CPU = Debug|Any CPU
		Debug|ARM = Debug|ARM
		Debug|iPhone = Debug|iPhone
		Debug|iPhoneSimulator = Debug|iPhoneSimulator
		Debug|x64 = Debug|x64
		Debug|x86 = Debug|x86
		Release|Any CPU = Release|Any CPU
		Release|ARM = Release|ARM
		Release|iPhone = Release|iPhone
		Release|iPhoneSimulator = Release|iPhoneSimulator
		Release|x64 = Release|x64
		Release|x86 = Release|x86
	EndGlobalSection
	GlobalSection(ProjectConfigurationPlatforms) = postSolution
		{D0A017DA-05EA-4526-BF0F-8173493408CD}.Ad-Hoc|Any CPU.ActiveCfg = Release|Any CPU
		{D0A017DA-05EA-4526-BF0F-8173493408CD}.Ad-Hoc|Any CPU.Build.0 = Release|Any CPU
		{D0A017DA-05EA-4526-BF0F-8173493408CD}.Ad-Hoc|ARM.ActiveCfg = Release|Any CPU
		{D0A017DA-05EA-4526-BF0F-8173493408CD}.Ad-Hoc|ARM.Build.0 = Release|Any CPU
		{D0A017DA-05EA-4526-BF0F-8173493408CD}.Ad-Hoc|iPhone.ActiveCfg = Release|Any CPU
		{D0A017DA-05EA-4526-BF0F-8173493408CD}.Ad-Hoc|iPhone.Build.0 = Release|Any CPU
		{D0A017DA-05EA-4526-BF0F-8173493408CD}.Ad-Hoc|iPhoneSimulator.ActiveCfg = Release|Any CPU
		{D0A017DA-05EA-4526-BF0F-8173493408CD}.Ad-Hoc|iPhoneSimulator.Build.0 = Release|Any CPU
		{D0A017DA-05EA-4526-BF0F-8173493408CD}.Ad-Hoc|x64.ActiveCfg = Release|Any CPU
		{D0A017DA-05EA-4526-BF0F-8173493408CD}.Ad-Hoc|x64.Build.0 = Release|Any CPU
		{D0A017DA-05EA-4526-BF0F-8173493408CD}.Ad-Hoc|x86.ActiveCfg = Release|Any CPU
		{D0A017DA-05EA-4526-BF0F-8173493408CD}.Ad-Hoc|x86.Build.0 = Release|Any CPU
		{D0A017DA-05EA-4526-BF0F-8173493408CD}.AppStore|Any CPU.ActiveCfg = Release|Any CPU
		{D0A017DA-05EA-4526-BF0F-8173493408CD}.AppStore|Any CPU.Build.0 = Release|Any CPU
		{D0A017DA-05EA-4526-BF0F-8173493408CD}.AppStore|ARM.ActiveCfg = Release|Any CPU
		{D0A017DA-05EA-4526-BF0F-8173493408CD}.AppStore|ARM.Build.0 = Release|Any CPU
		{D0A017DA-05EA-4526-BF0F-8173493408CD}.AppStore|iPhone.ActiveCfg = Release|Any CPU
		{D0A017DA-05EA-4526-BF0F-8173493408CD}.AppStore|iPhone.Build.0 = Release|Any CPU
		{D0A017DA-05EA-4526-BF0F-8173493408CD}.AppStore|iPhoneSimulator.ActiveCfg = Release|Any CPU
		{D0A017DA-05EA-4526-BF0F-8173493408CD}.AppStore|iPhoneSimulator.Build.0 = Release|Any CPU
		{D0A017DA-05EA-4526-BF0F-8173493408CD}.AppStore|x64.ActiveCfg = Release|Any CPU
		{D0A017DA-05EA-4526-BF0F-8173493408CD}.AppStore|x64.Build.0 = Release|Any CPU
		{D0A017DA-05EA-4526-BF0F-8173493408CD}.AppStore|x86.ActiveCfg = Release|Any CPU
		{D0A017DA-05EA-4526-BF0F-8173493408CD}.AppStore|x86.Build.0 = Release|Any CPU
		{D0A017DA-05EA-4526-BF0F-8173493408CD}.Debug|Any CPU.ActiveCfg = Debug|Any CPU
		{D0A017DA-05EA-4526-BF0F-8173493408CD}.Debug|Any CPU.Build.0 = Debug|Any CPU
		{D0A017DA-05EA-4526-BF0F-8173493408CD}.Debug|ARM.ActiveCfg = Debug|Any CPU
		{D0A017DA-05EA-4526-BF0F-8173493408CD}.Debug|ARM.Build.0 = Debug|Any CPU
		{D0A017DA-05EA-4526-BF0F-8173493408CD}.Debug|iPhone.ActiveCfg = Debug|Any CPU
		{D0A017DA-05EA-4526-BF0F-8173493408CD}.Debug|iPhone.Build.0 = Debug|Any CPU
		{D0A017DA-05EA-4526-BF0F-8173493408CD}.Debug|iPhoneSimulator.ActiveCfg = Debug|Any CPU
		{D0A017DA-05EA-4526-BF0F-8173493408CD}.Debug|iPhoneSimulator.Build.0 = Debug|Any CPU
		{D0A017DA-05EA-4526-BF0F-8173493408CD}.Debug|x64.ActiveCfg = Debug|Any CPU
		{D0A017DA-05EA-4526-BF0F-8173493408CD}.Debug|x64.Build.0 = Debug|Any CPU
		{D0A017DA-05EA-4526-BF0F-8173493408CD}.Debug|x86.ActiveCfg = Debug|Any CPU
		{D0A017DA-05EA-4526-BF0F-8173493408CD}.Debug|x86.Build.0 = Debug|Any CPU
		{D0A017DA-05EA-4526-BF0F-8173493408CD}.Release|Any CPU.ActiveCfg = Release|Any CPU
		{D0A017DA-05EA-4526-BF0F-8173493408CD}.Release|Any CPU.Build.0 = Release|Any CPU
		{D0A017DA-05EA-4526-BF0F-8173493408CD}.Release|ARM.ActiveCfg = Release|Any CPU
		{D0A017DA-05EA-4526-BF0F-8173493408CD}.Release|ARM.Build.0 = Release|Any CPU
		{D0A017DA-05EA-4526-BF0F-8173493408CD}.Release|iPhone.ActiveCfg = Release|Any CPU
		{D0A017DA-05EA-4526-BF0F-8173493408CD}.Release|iPhone.Build.0 = Release|Any CPU
		{D0A017DA-05EA-4526-BF0F-8173493408CD}.Release|iPhoneSimulator.ActiveCfg = Release|Any CPU
		{D0A017DA-05EA-4526-BF0F-8173493408CD}.Release|iPhoneSimulator.Build.0 = Release|Any CPU
		{D0A017DA-05EA-4526-BF0F-8173493408CD}.Release|x64.ActiveCfg = Release|Any CPU
		{D0A017DA-05EA-4526-BF0F-8173493408CD}.Release|x64.Build.0 = Release|Any CPU
		{D0A017DA-05EA-4526-BF0F-8173493408CD}.Release|x86.ActiveCfg = Release|Any CPU
		{D0A017DA-05EA-4526-BF0F-8173493408CD}.Release|x86.Build.0 = Release|Any CPU
		{01D18E65-7737-4BCD-B507-EA94FB91F031}.Ad-Hoc|Any CPU.ActiveCfg = Release|Any CPU
		{01D18E65-7737-4BCD-B507-EA94FB91F031}.Ad-Hoc|Any CPU.Build.0 = Release|Any CPU
		{01D18E65-7737-4BCD-B507-EA94FB91F031}.Ad-Hoc|Any CPU.Deploy.0 = Release|Any CPU
		{01D18E65-7737-4BCD-B507-EA94FB91F031}.Ad-Hoc|ARM.ActiveCfg = Release|Any CPU
		{01D18E65-7737-4BCD-B507-EA94FB91F031}.Ad-Hoc|ARM.Build.0 = Release|Any CPU
		{01D18E65-7737-4BCD-B507-EA94FB91F031}.Ad-Hoc|ARM.Deploy.0 = Release|Any CPU
		{01D18E65-7737-4BCD-B507-EA94FB91F031}.Ad-Hoc|iPhone.ActiveCfg = Release|Any CPU
		{01D18E65-7737-4BCD-B507-EA94FB91F031}.Ad-Hoc|iPhone.Build.0 = Release|Any CPU
		{01D18E65-7737-4BCD-B507-EA94FB91F031}.Ad-Hoc|iPhone.Deploy.0 = Release|Any CPU
		{01D18E65-7737-4BCD-B507-EA94FB91F031}.Ad-Hoc|iPhoneSimulator.ActiveCfg = Release|Any CPU
		{01D18E65-7737-4BCD-B507-EA94FB91F031}.Ad-Hoc|iPhoneSimulator.Build.0 = Release|Any CPU
		{01D18E65-7737-4BCD-B507-EA94FB91F031}.Ad-Hoc|iPhoneSimulator.Deploy.0 = Release|Any CPU
		{01D18E65-7737-4BCD-B507-EA94FB91F031}.Ad-Hoc|x64.ActiveCfg = Release|Any CPU
		{01D18E65-7737-4BCD-B507-EA94FB91F031}.Ad-Hoc|x64.Build.0 = Release|Any CPU
		{01D18E65-7737-4BCD-B507-EA94FB91F031}.Ad-Hoc|x64.Deploy.0 = Release|Any CPU
		{01D18E65-7737-4BCD-B507-EA94FB91F031}.Ad-Hoc|x86.ActiveCfg = Release|Any CPU
		{01D18E65-7737-4BCD-B507-EA94FB91F031}.Ad-Hoc|x86.Build.0 = Release|Any CPU
		{01D18E65-7737-4BCD-B507-EA94FB91F031}.Ad-Hoc|x86.Deploy.0 = Release|Any CPU
		{01D18E65-7737-4BCD-B507-EA94FB91F031}.AppStore|Any CPU.ActiveCfg = Release|Any CPU
		{01D18E65-7737-4BCD-B507-EA94FB91F031}.AppStore|Any CPU.Build.0 = Release|Any CPU
		{01D18E65-7737-4BCD-B507-EA94FB91F031}.AppStore|Any CPU.Deploy.0 = Release|Any CPU
		{01D18E65-7737-4BCD-B507-EA94FB91F031}.AppStore|ARM.ActiveCfg = Release|Any CPU
		{01D18E65-7737-4BCD-B507-EA94FB91F031}.AppStore|ARM.Build.0 = Release|Any CPU
		{01D18E65-7737-4BCD-B507-EA94FB91F031}.AppStore|ARM.Deploy.0 = Release|Any CPU
		{01D18E65-7737-4BCD-B507-EA94FB91F031}.AppStore|iPhone.ActiveCfg = Release|Any CPU
		{01D18E65-7737-4BCD-B507-EA94FB91F031}.AppStore|iPhone.Build.0 = Release|Any CPU
		{01D18E65-7737-4BCD-B507-EA94FB91F031}.AppStore|iPhone.Deploy.0 = Release|Any CPU
		{01D18E65-7737-4BCD-B507-EA94FB91F031}.AppStore|iPhoneSimulator.ActiveCfg = Release|Any CPU
		{01D18E65-7737-4BCD-B507-EA94FB91F031}.AppStore|iPhoneSimulator.Build.0 = Release|Any CPU
		{01D18E65-7737-4BCD-B507-EA94FB91F031}.AppStore|iPhoneSimulator.Deploy.0 = Release|Any CPU
		{01D18E65-7737-4BCD-B507-EA94FB91F031}.AppStore|x64.ActiveCfg = Release|Any CPU
		{01D18E65-7737-4BCD-B507-EA94FB91F031}.AppStore|x64.Build.0 = Release|Any CPU
		{01D18E65-7737-4BCD-B507-EA94FB91F031}.AppStore|x64.Deploy.0 = Release|Any CPU
		{01D18E65-7737-4BCD-B507-EA94FB91F031}.AppStore|x86.ActiveCfg = Release|Any CPU
		{01D18E65-7737-4BCD-B507-EA94FB91F031}.AppStore|x86.Build.0 = Release|Any CPU
		{01D18E65-7737-4BCD-B507-EA94FB91F031}.AppStore|x86.Deploy.0 = Release|Any CPU
		{01D18E65-7737-4BCD-B507-EA94FB91F031}.Debug|Any CPU.ActiveCfg = Debug|Any CPU
		{01D18E65-7737-4BCD-B507-EA94FB91F031}.Debug|Any CPU.Build.0 = Debug|Any CPU
		{01D18E65-7737-4BCD-B507-EA94FB91F031}.Debug|Any CPU.Deploy.0 = Debug|Any CPU
		{01D18E65-7737-4BCD-B507-EA94FB91F031}.Debug|ARM.ActiveCfg = Debug|Any CPU
		{01D18E65-7737-4BCD-B507-EA94FB91F031}.Debug|ARM.Build.0 = Debug|Any CPU
		{01D18E65-7737-4BCD-B507-EA94FB91F031}.Debug|ARM.Deploy.0 = Debug|Any CPU
		{01D18E65-7737-4BCD-B507-EA94FB91F031}.Debug|iPhone.ActiveCfg = Debug|Any CPU
		{01D18E65-7737-4BCD-B507-EA94FB91F031}.Debug|iPhone.Build.0 = Debug|Any CPU
		{01D18E65-7737-4BCD-B507-EA94FB91F031}.Debug|iPhone.Deploy.0 = Debug|Any CPU
		{01D18E65-7737-4BCD-B507-EA94FB91F031}.Debug|iPhoneSimulator.ActiveCfg = Debug|Any CPU
		{01D18E65-7737-4BCD-B507-EA94FB91F031}.Debug|iPhoneSimulator.Build.0 = Debug|Any CPU
		{01D18E65-7737-4BCD-B507-EA94FB91F031}.Debug|iPhoneSimulator.Deploy.0 = Debug|Any CPU
		{01D18E65-7737-4BCD-B507-EA94FB91F031}.Debug|x64.ActiveCfg = Debug|Any CPU
		{01D18E65-7737-4BCD-B507-EA94FB91F031}.Debug|x64.Build.0 = Debug|Any CPU
		{01D18E65-7737-4BCD-B507-EA94FB91F031}.Debug|x64.Deploy.0 = Debug|Any CPU
		{01D18E65-7737-4BCD-B507-EA94FB91F031}.Debug|x86.ActiveCfg = Debug|Any CPU
		{01D18E65-7737-4BCD-B507-EA94FB91F031}.Debug|x86.Build.0 = Debug|Any CPU
		{01D18E65-7737-4BCD-B507-EA94FB91F031}.Debug|x86.Deploy.0 = Debug|Any CPU
		{01D18E65-7737-4BCD-B507-EA94FB91F031}.Release|Any CPU.ActiveCfg = Release|Any CPU
		{01D18E65-7737-4BCD-B507-EA94FB91F031}.Release|Any CPU.Build.0 = Release|Any CPU
		{01D18E65-7737-4BCD-B507-EA94FB91F031}.Release|Any CPU.Deploy.0 = Release|Any CPU
		{01D18E65-7737-4BCD-B507-EA94FB91F031}.Release|ARM.ActiveCfg = Release|Any CPU
		{01D18E65-7737-4BCD-B507-EA94FB91F031}.Release|ARM.Build.0 = Release|Any CPU
		{01D18E65-7737-4BCD-B507-EA94FB91F031}.Release|ARM.Deploy.0 = Release|Any CPU
		{01D18E65-7737-4BCD-B507-EA94FB91F031}.Release|iPhone.ActiveCfg = Release|Any CPU
		{01D18E65-7737-4BCD-B507-EA94FB91F031}.Release|iPhone.Build.0 = Release|Any CPU
		{01D18E65-7737-4BCD-B507-EA94FB91F031}.Release|iPhone.Deploy.0 = Release|Any CPU
		{01D18E65-7737-4BCD-B507-EA94FB91F031}.Release|iPhoneSimulator.ActiveCfg = Release|Any CPU
		{01D18E65-7737-4BCD-B507-EA94FB91F031}.Release|iPhoneSimulator.Build.0 = Release|Any CPU
		{01D18E65-7737-4BCD-B507-EA94FB91F031}.Release|iPhoneSimulator.Deploy.0 = Release|Any CPU
		{01D18E65-7737-4BCD-B507-EA94FB91F031}.Release|x64.ActiveCfg = Release|Any CPU
		{01D18E65-7737-4BCD-B507-EA94FB91F031}.Release|x64.Build.0 = Release|Any CPU
		{01D18E65-7737-4BCD-B507-EA94FB91F031}.Release|x64.Deploy.0 = Release|Any CPU
		{01D18E65-7737-4BCD-B507-EA94FB91F031}.Release|x86.ActiveCfg = Release|Any CPU
		{01D18E65-7737-4BCD-B507-EA94FB91F031}.Release|x86.Build.0 = Release|Any CPU
		{01D18E65-7737-4BCD-B507-EA94FB91F031}.Release|x86.Deploy.0 = Release|Any CPU
		{9CBD6AEB-5F34-4EED-960E-F0326752B394}.Ad-Hoc|Any CPU.ActiveCfg = Ad-Hoc|iPhone
		{9CBD6AEB-5F34-4EED-960E-F0326752B394}.Ad-Hoc|ARM.ActiveCfg = Ad-Hoc|iPhone
		{9CBD6AEB-5F34-4EED-960E-F0326752B394}.Ad-Hoc|iPhone.ActiveCfg = Ad-Hoc|iPhone
		{9CBD6AEB-5F34-4EED-960E-F0326752B394}.Ad-Hoc|iPhone.Build.0 = Ad-Hoc|iPhone
		{9CBD6AEB-5F34-4EED-960E-F0326752B394}.Ad-Hoc|iPhoneSimulator.ActiveCfg = Ad-Hoc|iPhoneSimulator
		{9CBD6AEB-5F34-4EED-960E-F0326752B394}.Ad-Hoc|iPhoneSimulator.Build.0 = Ad-Hoc|iPhoneSimulator
		{9CBD6AEB-5F34-4EED-960E-F0326752B394}.Ad-Hoc|x64.ActiveCfg = Ad-Hoc|iPhone
		{9CBD6AEB-5F34-4EED-960E-F0326752B394}.Ad-Hoc|x86.ActiveCfg = Ad-Hoc|iPhone
		{9CBD6AEB-5F34-4EED-960E-F0326752B394}.AppStore|Any CPU.ActiveCfg = AppStore|iPhone
		{9CBD6AEB-5F34-4EED-960E-F0326752B394}.AppStore|ARM.ActiveCfg = AppStore|iPhone
		{9CBD6AEB-5F34-4EED-960E-F0326752B394}.AppStore|iPhone.ActiveCfg = AppStore|iPhone
		{9CBD6AEB-5F34-4EED-960E-F0326752B394}.AppStore|iPhone.Build.0 = AppStore|iPhone
		{9CBD6AEB-5F34-4EED-960E-F0326752B394}.AppStore|iPhoneSimulator.ActiveCfg = AppStore|iPhoneSimulator
		{9CBD6AEB-5F34-4EED-960E-F0326752B394}.AppStore|iPhoneSimulator.Build.0 = AppStore|iPhoneSimulator
		{9CBD6AEB-5F34-4EED-960E-F0326752B394}.AppStore|x64.ActiveCfg = AppStore|iPhone
		{9CBD6AEB-5F34-4EED-960E-F0326752B394}.AppStore|x86.ActiveCfg = AppStore|iPhone
		{9CBD6AEB-5F34-4EED-960E-F0326752B394}.Debug|Any CPU.ActiveCfg = Debug|iPhone
		{9CBD6AEB-5F34-4EED-960E-F0326752B394}.Debug|ARM.ActiveCfg = Debug|iPhone
		{9CBD6AEB-5F34-4EED-960E-F0326752B394}.Debug|iPhone.ActiveCfg = Debug|iPhone
		{9CBD6AEB-5F34-4EED-960E-F0326752B394}.Debug|iPhone.Build.0 = Debug|iPhone
		{9CBD6AEB-5F34-4EED-960E-F0326752B394}.Debug|iPhoneSimulator.ActiveCfg = Debug|iPhoneSimulator
		{9CBD6AEB-5F34-4EED-960E-F0326752B394}.Debug|iPhoneSimulator.Build.0 = Debug|iPhoneSimulator
		{9CBD6AEB-5F34-4EED-960E-F0326752B394}.Debug|x64.ActiveCfg = Debug|iPhone
		{9CBD6AEB-5F34-4EED-960E-F0326752B394}.Debug|x86.ActiveCfg = Debug|iPhone
		{9CBD6AEB-5F34-4EED-960E-F0326752B394}.Release|Any CPU.ActiveCfg = Release|iPhone
		{9CBD6AEB-5F34-4EED-960E-F0326752B394}.Release|ARM.ActiveCfg = Release|iPhone
		{9CBD6AEB-5F34-4EED-960E-F0326752B394}.Release|iPhone.ActiveCfg = Release|iPhone
		{9CBD6AEB-5F34-4EED-960E-F0326752B394}.Release|iPhone.Build.0 = Release|iPhone
		{9CBD6AEB-5F34-4EED-960E-F0326752B394}.Release|iPhoneSimulator.ActiveCfg = Release|iPhoneSimulator
		{9CBD6AEB-5F34-4EED-960E-F0326752B394}.Release|iPhoneSimulator.Build.0 = Release|iPhoneSimulator
		{9CBD6AEB-5F34-4EED-960E-F0326752B394}.Release|x64.ActiveCfg = Release|iPhone
		{9CBD6AEB-5F34-4EED-960E-F0326752B394}.Release|x86.ActiveCfg = Release|iPhone
		{DE8BE864-F356-42E1-BFF1-609339F60B6A}.Ad-Hoc|Any CPU.ActiveCfg = Release|x86
		{DE8BE864-F356-42E1-BFF1-609339F60B6A}.Ad-Hoc|Any CPU.Build.0 = Release|x86
		{DE8BE864-F356-42E1-BFF1-609339F60B6A}.Ad-Hoc|Any CPU.Deploy.0 = Release|x86
		{DE8BE864-F356-42E1-BFF1-609339F60B6A}.Ad-Hoc|ARM.ActiveCfg = Release|ARM
		{DE8BE864-F356-42E1-BFF1-609339F60B6A}.Ad-Hoc|ARM.Build.0 = Release|ARM
		{DE8BE864-F356-42E1-BFF1-609339F60B6A}.Ad-Hoc|ARM.Deploy.0 = Release|ARM
		{DE8BE864-F356-42E1-BFF1-609339F60B6A}.Ad-Hoc|iPhone.ActiveCfg = Release|x86
		{DE8BE864-F356-42E1-BFF1-609339F60B6A}.Ad-Hoc|iPhone.Build.0 = Release|x86
		{DE8BE864-F356-42E1-BFF1-609339F60B6A}.Ad-Hoc|iPhone.Deploy.0 = Release|x86
		{DE8BE864-F356-42E1-BFF1-609339F60B6A}.Ad-Hoc|iPhoneSimulator.ActiveCfg = Release|x86
		{DE8BE864-F356-42E1-BFF1-609339F60B6A}.Ad-Hoc|iPhoneSimulator.Build.0 = Release|x86
		{DE8BE864-F356-42E1-BFF1-609339F60B6A}.Ad-Hoc|iPhoneSimulator.Deploy.0 = Release|x86
		{DE8BE864-F356-42E1-BFF1-609339F60B6A}.Ad-Hoc|x64.ActiveCfg = Release|x64
		{DE8BE864-F356-42E1-BFF1-609339F60B6A}.Ad-Hoc|x64.Build.0 = Release|x64
		{DE8BE864-F356-42E1-BFF1-609339F60B6A}.Ad-Hoc|x64.Deploy.0 = Release|x64
		{DE8BE864-F356-42E1-BFF1-609339F60B6A}.Ad-Hoc|x86.ActiveCfg = Release|x86
		{DE8BE864-F356-42E1-BFF1-609339F60B6A}.Ad-Hoc|x86.Build.0 = Release|x86
		{DE8BE864-F356-42E1-BFF1-609339F60B6A}.Ad-Hoc|x86.Deploy.0 = Release|x86
		{DE8BE864-F356-42E1-BFF1-609339F60B6A}.AppStore|Any CPU.ActiveCfg = Release|x86
		{DE8BE864-F356-42E1-BFF1-609339F60B6A}.AppStore|Any CPU.Build.0 = Release|x86
		{DE8BE864-F356-42E1-BFF1-609339F60B6A}.AppStore|Any CPU.Deploy.0 = Release|x86
		{DE8BE864-F356-42E1-BFF1-609339F60B6A}.AppStore|ARM.ActiveCfg = Release|ARM
		{DE8BE864-F356-42E1-BFF1-609339F60B6A}.AppStore|ARM.Build.0 = Release|ARM
		{DE8BE864-F356-42E1-BFF1-609339F60B6A}.AppStore|ARM.Deploy.0 = Release|ARM
		{DE8BE864-F356-42E1-BFF1-609339F60B6A}.AppStore|iPhone.ActiveCfg = Release|x86
		{DE8BE864-F356-42E1-BFF1-609339F60B6A}.AppStore|iPhone.Build.0 = Release|x86
		{DE8BE864-F356-42E1-BFF1-609339F60B6A}.AppStore|iPhone.Deploy.0 = Release|x86
		{DE8BE864-F356-42E1-BFF1-609339F60B6A}.AppStore|iPhoneSimulator.ActiveCfg = Release|x86
		{DE8BE864-F356-42E1-BFF1-609339F60B6A}.AppStore|iPhoneSimulator.Build.0 = Release|x86
		{DE8BE864-F356-42E1-BFF1-609339F60B6A}.AppStore|iPhoneSimulator.Deploy.0 = Release|x86
		{DE8BE864-F356-42E1-BFF1-609339F60B6A}.AppStore|x64.ActiveCfg = Release|x64
		{DE8BE864-F356-42E1-BFF1-609339F60B6A}.AppStore|x64.Build.0 = Release|x64
		{DE8BE864-F356-42E1-BFF1-609339F60B6A}.AppStore|x64.Deploy.0 = Release|x64
		{DE8BE864-F356-42E1-BFF1-609339F60B6A}.AppStore|x86.ActiveCfg = Release|x86
		{DE8BE864-F356-42E1-BFF1-609339F60B6A}.AppStore|x86.Build.0 = Release|x86
		{DE8BE864-F356-42E1-BFF1-609339F60B6A}.AppStore|x86.Deploy.0 = Release|x86
		{DE8BE864-F356-42E1-BFF1-609339F60B6A}.Debug|Any CPU.ActiveCfg = Debug|x86
		{DE8BE864-F356-42E1-BFF1-609339F60B6A}.Debug|ARM.ActiveCfg = Debug|ARM
		{DE8BE864-F356-42E1-BFF1-609339F60B6A}.Debug|ARM.Build.0 = Debug|ARM
		{DE8BE864-F356-42E1-BFF1-609339F60B6A}.Debug|ARM.Deploy.0 = Debug|ARM
		{DE8BE864-F356-42E1-BFF1-609339F60B6A}.Debug|iPhone.ActiveCfg = Debug|x86
		{DE8BE864-F356-42E1-BFF1-609339F60B6A}.Debug|iPhoneSimulator.ActiveCfg = Debug|x86
		{DE8BE864-F356-42E1-BFF1-609339F60B6A}.Debug|x64.ActiveCfg = Debug|x64
		{DE8BE864-F356-42E1-BFF1-609339F60B6A}.Debug|x64.Build.0 = Debug|x64
		{DE8BE864-F356-42E1-BFF1-609339F60B6A}.Debug|x64.Deploy.0 = Debug|x64
		{DE8BE864-F356-42E1-BFF1-609339F60B6A}.Debug|x86.ActiveCfg = Debug|x86
		{DE8BE864-F356-42E1-BFF1-609339F60B6A}.Debug|x86.Build.0 = Debug|x86
		{DE8BE864-F356-42E1-BFF1-609339F60B6A}.Debug|x86.Deploy.0 = Debug|x86
		{DE8BE864-F356-42E1-BFF1-609339F60B6A}.Release|Any CPU.ActiveCfg = Release|x86
		{DE8BE864-F356-42E1-BFF1-609339F60B6A}.Release|ARM.ActiveCfg = Release|ARM
		{DE8BE864-F356-42E1-BFF1-609339F60B6A}.Release|ARM.Build.0 = Release|ARM
		{DE8BE864-F356-42E1-BFF1-609339F60B6A}.Release|ARM.Deploy.0 = Release|ARM
		{DE8BE864-F356-42E1-BFF1-609339F60B6A}.Release|iPhone.ActiveCfg = Release|x86
		{DE8BE864-F356-42E1-BFF1-609339F60B6A}.Release|iPhoneSimulator.ActiveCfg = Release|x86
		{DE8BE864-F356-42E1-BFF1-609339F60B6A}.Release|x64.ActiveCfg = Release|x64
		{DE8BE864-F356-42E1-BFF1-609339F60B6A}.Release|x64.Build.0 = Release|x64
		{DE8BE864-F356-42E1-BFF1-609339F60B6A}.Release|x64.Deploy.0 = Release|x64
		{DE8BE864-F356-42E1-BFF1-609339F60B6A}.Release|x86.ActiveCfg = Release|x86
		{DE8BE864-F356-42E1-BFF1-609339F60B6A}.Release|x86.Build.0 = Release|x86
		{DE8BE864-F356-42E1-BFF1-609339F60B6A}.Release|x86.Deploy.0 = Release|x86
		{A1ACBAAB-5757-41D7-B100-C74935F9D0A1}.Ad-Hoc|Any CPU.ActiveCfg = Release|Any CPU
		{A1ACBAAB-5757-41D7-B100-C74935F9D0A1}.Ad-Hoc|Any CPU.Build.0 = Release|Any CPU
		{A1ACBAAB-5757-41D7-B100-C74935F9D0A1}.Ad-Hoc|ARM.ActiveCfg = Release|Any CPU
		{A1ACBAAB-5757-41D7-B100-C74935F9D0A1}.Ad-Hoc|ARM.Build.0 = Release|Any CPU
		{A1ACBAAB-5757-41D7-B100-C74935F9D0A1}.Ad-Hoc|iPhone.ActiveCfg = Release|Any CPU
		{A1ACBAAB-5757-41D7-B100-C74935F9D0A1}.Ad-Hoc|iPhone.Build.0 = Release|Any CPU
		{A1ACBAAB-5757-41D7-B100-C74935F9D0A1}.Ad-Hoc|iPhoneSimulator.ActiveCfg = Release|Any CPU
		{A1ACBAAB-5757-41D7-B100-C74935F9D0A1}.Ad-Hoc|iPhoneSimulator.Build.0 = Release|Any CPU
		{A1ACBAAB-5757-41D7-B100-C74935F9D0A1}.Ad-Hoc|x64.ActiveCfg = Release|Any CPU
		{A1ACBAAB-5757-41D7-B100-C74935F9D0A1}.Ad-Hoc|x64.Build.0 = Release|Any CPU
		{A1ACBAAB-5757-41D7-B100-C74935F9D0A1}.Ad-Hoc|x86.ActiveCfg = Release|Any CPU
		{A1ACBAAB-5757-41D7-B100-C74935F9D0A1}.Ad-Hoc|x86.Build.0 = Release|Any CPU
		{A1ACBAAB-5757-41D7-B100-C74935F9D0A1}.AppStore|Any CPU.ActiveCfg = Release|Any CPU
		{A1ACBAAB-5757-41D7-B100-C74935F9D0A1}.AppStore|Any CPU.Build.0 = Release|Any CPU
		{A1ACBAAB-5757-41D7-B100-C74935F9D0A1}.AppStore|ARM.ActiveCfg = Release|Any CPU
		{A1ACBAAB-5757-41D7-B100-C74935F9D0A1}.AppStore|ARM.Build.0 = Release|Any CPU
		{A1ACBAAB-5757-41D7-B100-C74935F9D0A1}.AppStore|iPhone.ActiveCfg = Release|Any CPU
		{A1ACBAAB-5757-41D7-B100-C74935F9D0A1}.AppStore|iPhone.Build.0 = Release|Any CPU
		{A1ACBAAB-5757-41D7-B100-C74935F9D0A1}.AppStore|iPhoneSimulator.ActiveCfg = Release|Any CPU
		{A1ACBAAB-5757-41D7-B100-C74935F9D0A1}.AppStore|iPhoneSimulator.Build.0 = Release|Any CPU
		{A1ACBAAB-5757-41D7-B100-C74935F9D0A1}.AppStore|x64.ActiveCfg = Release|Any CPU
		{A1ACBAAB-5757-41D7-B100-C74935F9D0A1}.AppStore|x64.Build.0 = Release|Any CPU
		{A1ACBAAB-5757-41D7-B100-C74935F9D0A1}.AppStore|x86.ActiveCfg = Release|Any CPU
		{A1ACBAAB-5757-41D7-B100-C74935F9D0A1}.AppStore|x86.Build.0 = Release|Any CPU
		{A1ACBAAB-5757-41D7-B100-C74935F9D0A1}.Debug|Any CPU.ActiveCfg = Debug|Any CPU
		{A1ACBAAB-5757-41D7-B100-C74935F9D0A1}.Debug|Any CPU.Build.0 = Debug|Any CPU
		{A1ACBAAB-5757-41D7-B100-C74935F9D0A1}.Debug|ARM.ActiveCfg = Debug|Any CPU
		{A1ACBAAB-5757-41D7-B100-C74935F9D0A1}.Debug|ARM.Build.0 = Debug|Any CPU
		{A1ACBAAB-5757-41D7-B100-C74935F9D0A1}.Debug|iPhone.ActiveCfg = Debug|Any CPU
		{A1ACBAAB-5757-41D7-B100-C74935F9D0A1}.Debug|iPhone.Build.0 = Debug|Any CPU
		{A1ACBAAB-5757-41D7-B100-C74935F9D0A1}.Debug|iPhoneSimulator.ActiveCfg = Debug|Any CPU
		{A1ACBAAB-5757-41D7-B100-C74935F9D0A1}.Debug|iPhoneSimulator.Build.0 = Debug|Any CPU
		{A1ACBAAB-5757-41D7-B100-C74935F9D0A1}.Debug|x64.ActiveCfg = Debug|Any CPU
		{A1ACBAAB-5757-41D7-B100-C74935F9D0A1}.Debug|x64.Build.0 = Debug|Any CPU
		{A1ACBAAB-5757-41D7-B100-C74935F9D0A1}.Debug|x86.ActiveCfg = Debug|Any CPU
		{A1ACBAAB-5757-41D7-B100-C74935F9D0A1}.Debug|x86.Build.0 = Debug|Any CPU
		{A1ACBAAB-5757-41D7-B100-C74935F9D0A1}.Release|Any CPU.ActiveCfg = Release|Any CPU
		{A1ACBAAB-5757-41D7-B100-C74935F9D0A1}.Release|Any CPU.Build.0 = Release|Any CPU
		{A1ACBAAB-5757-41D7-B100-C74935F9D0A1}.Release|ARM.ActiveCfg = Release|Any CPU
		{A1ACBAAB-5757-41D7-B100-C74935F9D0A1}.Release|ARM.Build.0 = Release|Any CPU
		{A1ACBAAB-5757-41D7-B100-C74935F9D0A1}.Release|iPhone.ActiveCfg = Release|Any CPU
		{A1ACBAAB-5757-41D7-B100-C74935F9D0A1}.Release|iPhone.Build.0 = Release|Any CPU
		{A1ACBAAB-5757-41D7-B100-C74935F9D0A1}.Release|iPhoneSimulator.ActiveCfg = Release|Any CPU
		{A1ACBAAB-5757-41D7-B100-C74935F9D0A1}.Release|iPhoneSimulator.Build.0 = Release|Any CPU
		{A1ACBAAB-5757-41D7-B100-C74935F9D0A1}.Release|x64.ActiveCfg = Release|Any CPU
		{A1ACBAAB-5757-41D7-B100-C74935F9D0A1}.Release|x64.Build.0 = Release|Any CPU
		{A1ACBAAB-5757-41D7-B100-C74935F9D0A1}.Release|x86.ActiveCfg = Release|Any CPU
		{A1ACBAAB-5757-41D7-B100-C74935F9D0A1}.Release|x86.Build.0 = Release|Any CPU
	EndGlobalSection
	GlobalSection(SolutionProperties) = preSolution
		HideSolutionNode = FALSE
	EndGlobalSection
	GlobalSection(NestedProjects) = preSolution
		{01D18E65-7737-4BCD-B507-EA94FB91F031} = {12B34CC7-003A-4215-AC64-F034B6B73E09}
		{9CBD6AEB-5F34-4EED-960E-F0326752B394} = {12B34CC7-003A-4215-AC64-F034B6B73E09}
		{DE8BE864-F356-42E1-BFF1-609339F60B6A} = {12B34CC7-003A-4215-AC64-F034B6B73E09}
	EndGlobalSection
EndGlobal
